
Microsoft Visual Studio Solution File, Format Version 12.00
# Visual Studio Version 17
VisualStudioVersion = 17.0.31919.166
MinimumVisualStudioVersion = 10.0.40219.1
Project("{FAE04EC0-301F-11D3-BF4B-00C04F79EFBC}") = "PickRandomCaeds", "PickRandomCaeds\PickRandomCaeds.csproj", "{50EA1A4E-3482-4AF5-BFBB-DC9FE9F47F36}"
EndProject
Global
	GlobalSection(SolutionConfigurationPlatforms) = preSolution
		Debug|Any CPU = Debug|Any CPU
		Release|Any CPU = Release|Any CPU
	EndGlobalSection
	GlobalSection(ProjectConfigurationPlatforms) = postSolution
		{50EA1A4E-3482-4AF5-BFBB-DC9FE9F47F36}.Debug|Any CPU.ActiveCfg = Debug|Any CPU
		{50EA1A4E-3482-4AF5-BFBB-DC9FE9F47F36}.Debug|Any CPU.Build.0 = Debug|Any CPU
		{50EA1A4E-3482-4AF5-BFBB-DC9FE9F47F36}.Release|Any CPU.ActiveCfg = Release|Any CPU
		{50EA1A4E-3482-4AF5-BFBB-DC9FE9F47F36}.Release|Any CPU.Build.0 = Release|Any CPU
	EndGlobalSection
	GlobalSection(SolutionProperties) = preSolution
		HideSolutionNode = FALSE
	EndGlobalSection
	GlobalSection(ExtensibilityGlobals) = postSolution
		SolutionGuid = {17F0258F-B447-453C-B319-510E48C52594}
	EndGlobalSection
EndGlobal
