
Microsoft Visual Studio Solution File, Format Version 12.00
# Visual Studio Version 16
VisualStudioVersion = 16.0.32002.261
MinimumVisualStudioVersion = 10.0.40219.1
Project("{FAE04EC0-301F-11D3-BF4B-00C04F79EFBC}") = "Guy", "Guy\Guy.csproj", "{B0B5952C-CB34-41B5-87E4-68A92CF98901}"
EndProject
Global
	GlobalSection(SolutionConfigurationPlatforms) = preSolution
		Debug|Any CPU = Debug|Any CPU
		Release|Any CPU = Release|Any CPU
	EndGlobalSection
	GlobalSection(ProjectConfigurationPlatforms) = postSolution
		{B0B5952C-CB34-41B5-87E4-68A92CF98901}.Debug|Any CPU.ActiveCfg = Debug|Any CPU
		{B0B5952C-CB34-41B5-87E4-68A92CF98901}.Debug|Any CPU.Build.0 = Debug|Any CPU
		{B0B5952C-CB34-41B5-87E4-68A92CF98901}.Release|Any CPU.ActiveCfg = Release|Any CPU
		{B0B5952C-CB34-41B5-87E4-68A92CF98901}.Release|Any CPU.Build.0 = Release|Any CPU
	EndGlobalSection
	GlobalSection(SolutionProperties) = preSolution
		HideSolutionNode = FALSE
	EndGlobalSection
	GlobalSection(ExtensibilityGlobals) = postSolution
		SolutionGuid = {A36FDC7E-249A-4D48-83B6-9A5BC4818440}
	EndGlobalSection
EndGlobal
